
Microsoft Visual Studio Solution File, Format Version 12.00
# Visual Studio Version 17
VisualStudioVersion = 17.9.34902.65
MinimumVisualStudioVersion = 10.0.40219.1
Project("{FAE04EC0-301F-11D3-BF4B-00C04F79EFBC}") = "AspNetCoreMvcLocalizationDemo", "AspNetCoreMvcLocalizationDemo\AspNetCoreMvcLocalizationDemo.csproj", "{EB90F275-8875-499F-A12D-025007B3061C}"
EndProject
Global
	GlobalSection(SolutionConfigurationPlatforms) = preSolution
		Debug|Any CPU = Debug|Any CPU
		Release|Any CPU = Release|Any CPU
	EndGlobalSection
	GlobalSection(ProjectConfigurationPlatforms) = postSolution
		{EB90F275-8875-499F-A12D-025007B3061C}.Debug|Any CPU.ActiveCfg = Debug|Any CPU
		{EB90F275-8875-499F-A12D-025007B3061C}.Debug|Any CPU.Build.0 = Debug|Any CPU
		{EB90F275-8875-499F-A12D-025007B3061C}.Release|Any CPU.ActiveCfg = Release|Any CPU
		{EB90F275-8875-499F-A12D-025007B3061C}.Release|Any CPU.Build.0 = Release|Any CPU
	EndGlobalSection
	GlobalSection(SolutionProperties) = preSolution
		HideSolutionNode = FALSE
	EndGlobalSection
	GlobalSection(ExtensibilityGlobals) = postSolution
		SolutionGuid = {02A15F75-139C-4F6B-A5CB-30F5AD980D57}
	EndGlobalSection
EndGlobal
